{
  "name": "precedent",
  "version": "0.1.0",
  "lockfileVersion": 1,
  "requires": true,
  "dependencies": {
    "@prisma/engines": {
      "version": "4.16.2",
      "resolved": "https://registry.npmjs.org/@prisma/engines/-/engines-4.16.2.tgz",
      "integrity": "sha512-vx1nxVvN4QeT/cepQce68deh/Turxy5Mr+4L4zClFuK1GlxN3+ivxfuv+ej/gvidWn1cE1uAhW7ALLNlYbRUAw==",
      "dev": true
    },
    "prisma": {
      "version": "4.16.2",
      "resolved": "https://registry.npmjs.org/prisma/-/prisma-4.16.2.tgz",
      "integrity": "sha512-SYCsBvDf0/7XSJyf2cHTLjLeTLVXYfqp7pG5eEVafFLeT0u/hLFz/9W196nDRGUOo1JfPatAEb+uEnTQImQC1g==",
      "dev": true,
      "requires": {
        "@prisma/engines": "4.16.2"
      }
    },
    "@next/swc-darwin-arm64": {
      "version": "13.5.5-canary.19",
      "resolved": "https://registry.npmjs.org/@next/swc-darwin-arm64/-/swc-darwin-arm64-13.5.5-canary.19.tgz",
      "integrity": "sha512-Sz7Fha3FKbS7CQZdAi8NoRsmP9Ij3/j276j7Y/bnWs995tuU06O4Ie59eas/c7Kts4vRLyjNkEnO0rs65yP+Wg==",
      "optional": true
    },
    "@next/swc-darwin-x64": {
      "version": "13.5.5-canary.19",
      "resolved": "https://registry.npmjs.org/@next/swc-darwin-x64/-/swc-darwin-x64-13.5.5-canary.19.tgz",
      "integrity": "sha512-uLa2pZNDRa7ZZqu6mqpExNTCM2AmPUx8PBGxNxX423Lp2G6sfoOdUMjYJpzzoembukusb2QhznJE1ZwXrppCaw==",
      "optional": true
    },
    "@next/swc-linux-arm64-gnu": {
      "version": "13.5.5-canary.19",
      "resolved": "https://registry.npmjs.org/@next/swc-linux-arm64-gnu/-/swc-linux-arm64-gnu-13.5.5-canary.19.tgz",
      "integrity": "sha512-p+ke1HzlcLVQmMIf8/vWXM17TMPDkO1YyLELLE68M1ImLzXCz7kRiwCVL3X7rzXArTqqsUJEoG9/IueMZPsYEg==",
      "optional": true
    },
    "@next/swc-linux-arm64-musl": {
      "version": "13.5.5-canary.19",
      "resolved": "https://registry.npmjs.org/@next/swc-linux-arm64-musl/-/swc-linux-arm64-musl-13.5.5-canary.19.tgz",
      "integrity": "sha512-NR6QsZ9TRxgsdfyIBGhIDDtoQWSKedc3aSuFzCPMXRAgAF0kUrv4zYFvKgIR2L4m0kfbWSV3mhdWWo5R6UIb2Q==",
      "optional": true
    },
    "@next/swc-linux-x64-gnu": {
      "version": "13.5.5-canary.19",
      "resolved": "https://registry.npmjs.org/@next/swc-linux-x64-gnu/-/swc-linux-x64-gnu-13.5.5-canary.19.tgz",
      "integrity": "sha512-QFeH4aGgmkSgPs4Fu8QJjuAEZd0mh1maXy6E/83qCLEHLGPDR8q33mz7lyKTUKWlDEnHAlRNIOmZKaS26S6BSg==",
      "optional": true
    },
    "@next/swc-linux-x64-musl": {
      "version": "13.5.5-canary.19",
      "resolved": "https://registry.npmjs.org/@next/swc-linux-x64-musl/-/swc-linux-x64-musl-13.5.5-canary.19.tgz",
      "integrity": "sha512-A/9Vpbg6ib9uzkQ7wx+Z/ourOm3DCVzFhPIv++LcZnehrMBo48XCPYyZ+sRhihPFynwy5zOqWCvkBBqk8IOxpQ==",
      "optional": true
    },
    "@next/swc-win32-arm64-msvc": {
      "version": "13.5.5-canary.19",
      "resolved": "https://registry.npmjs.org/@next/swc-win32-arm64-msvc/-/swc-win32-arm64-msvc-13.5.5-canary.19.tgz",
      "integrity": "sha512-fnunbuX8tjqEJZloy/ez5+amnfkxQOBxiLIHB6SJPoO3EJvTn8rkHOhMR2vIhWGVjA9ftxtKxWRY3KrmEpGt2Q==",
      "optional": true
    },
    "@next/swc-win32-ia32-msvc": {
      "version": "13.5.5-canary.19",
      "resolved": "https://registry.npmjs.org/@next/swc-win32-ia32-msvc/-/swc-win32-ia32-msvc-13.5.5-canary.19.tgz",
      "integrity": "sha512-/4yVUJUA7jIPkixKIQ3AQfQx2grB06uFddcrpaQ2HvGSG8Q5zliJXIExz17mx85CNjeJLycmpQBW1L85eDTzTw==",
      "optional": true
    },
    "@next/swc-win32-x64-msvc": {
      "version": "13.5.5-canary.19",
      "resolved": "https://registry.npmjs.org/@next/swc-win32-x64-msvc/-/swc-win32-x64-msvc-13.5.5-canary.19.tgz",
      "integrity": "sha512-uQH/9CPPEOyQ/fE1DAIWFwACQxe/ucV1ppW+avXJoYS8qMmndB/Pa24o/O7c+T5r3+UsBFnn9cAQXCB8kFk+jw==",
      "optional": true
    }
  }
}
